// !$*UTF8*$!
{
	archiveVersion = 1;
	classes = {
	};
	objectVersion = 46;
	objects = {

/* Begin PBXBuildFile section */
		D088BEE91D79398C001AF03A /* AppDelegate.m in Sources */ = {isa = PBXBuildFile; fileRef = D088BEE81D79398C001AF03A /* AppDelegate.m */; };
		D088BEEC1D79398C001AF03A /* main.m in Sources */ = {isa = PBXBuildFile; fileRef = D088BEEB1D79398C001AF03A /* main.m */; };
		D088BEEF1D79398C001AF03A /* ViewController.m in Sources */ = {isa = PBXBuildFile; fileRef = D088BEEE1D79398C001AF03A /* ViewController.m */; };
		D088BEF11D79398C001AF03A /* Assets.xcassets in Resources */ = {isa = PBXBuildFile; fileRef = D088BEF01D79398C001AF03A /* Assets.xcassets */; };
		D088BEF41D79398C001AF03A /* Main.storyboard in Resources */ = {isa = PBXBuildFile; fileRef = D088BEF21D79398C001AF03A /* Main.storyboard */; };
		D088BEFF1D79398C001AF03A /* TestProjektTests.m in Sources */ = {isa = PBXBuildFile; fileRef = D088BEFE1D79398C001AF03A /* TestProjektTests.m */; };
		D088BF0A1D79398C001AF03A /* TestProjektUITests.m in Sources */ = {isa = PBXBuildFile; fileRef = D088BF091D79398C001AF03A /* TestProjektUITests.m */; };
		D088BF181D793F7E001AF03A /* NewStoryboard.storyboard in Resources */ = {isa = PBXBuildFile; fileRef = D088BF171D793F7E001AF03A /* NewStoryboard.storyboard */; };
/* End PBXBuildFile section */

/* Begin PBXContainerItemProxy section */
		D088BEFB1D79398C001AF03A /* PBXContainerItemProxy */ = {
			isa = PBXContainerItemProxy;
			containerPortal = D088BEDC1D79398C001AF03A /* Project object */;
			proxyType = 1;
			remoteGlobalIDString = D088BEE31D79398C001AF03A;
			remoteInfo = TestProjekt;
		};
		D088BF061D79398C001AF03A /* PBXContainerItemProxy */ = {
			isa = PBXContainerItemProxy;
			containerPortal = D088BEDC1D79398C001AF03A /* Project object */;
			proxyType = 1;
			remoteGlobalIDString = D088BEE31D79398C001AF03A;
			remoteInfo = TestProjekt;
		};
/* End PBXContainerItemProxy section */

/* Begin PBXFileReference section */
		D088BEE41D79398C001AF03A /* TestProjekt.app */ = {isa = PBXFileReference; explicitFileType = wrapper.application; includeInIndex = 0; path = TestProjekt.app; sourceTree = BUILT_PRODUCTS_DIR; };
		D088BEE71D79398C001AF03A /* AppDelegate.h */ = {isa = PBXFileReference; lastKnownFileType = sourcecode.c.h; path = AppDelegate.h; sourceTree = "<group>"; };
		D088BEE81D79398C001AF03A /* AppDelegate.m */ = {isa = PBXFileReference; lastKnownFileType = sourcecode.c.objc; path = AppDelegate.m; sourceTree = "<group>"; };
		D088BEEB1D79398C001AF03A /* main.m */ = {isa = PBXFileReference; lastKnownFileType = sourcecode.c.objc; path = main.m; sourceTree = "<group>"; };
		D088BEED1D79398C001AF03A /* ViewController.h */ = {isa = PBXFileReference; lastKnownFileType = sourcecode.c.h; path = ViewController.h; sourceTree = "<group>"; };
		D088BEEE1D79398C001AF03A /* ViewController.m */ = {isa = PBXFileReference; lastKnownFileType = sourcecode.c.objc; path = ViewController.m; sourceTree = "<group>"; };
		D088BEF01D79398C001AF03A /* Assets.xcassets */ = {isa = PBXFileReference; lastKnownFileType = folder.assetcatalog; path = Assets.xcassets; sourceTree = "<group>"; };
		D088BEF31D79398C001AF03A /* Base */ = {isa = PBXFileReference; lastKnownFileType = file.storyboard; name = Base; path = Base.lproj/Main.storyboard; sourceTree = "<group>"; };
		D088BEF51D79398C001AF03A /* Info.plist */ = {isa = PBXFileReference; lastKnownFileType = text.plist.xml; path = Info.plist; sourceTree = "<group>"; };
		D088BEFA1D79398C001AF03A /* TestProjektTests.xctest */ = {isa = PBXFileReference; explicitFileType = wrapper.cfbundle; includeInIndex = 0; path = TestProjektTests.xctest; sourceTree = BUILT_PRODUCTS_DIR; };
		D088BEFE1D79398C001AF03A /* TestProjektTests.m */ = {isa = PBXFileReference; lastKnownFileType = sourcecode.c.objc; path = TestProjektTests.m; sourceTree = "<group>"; };
		D088BF001D79398C001AF03A /* Info.plist */ = {isa = PBXFileReference; lastKnownFileType = text.plist.xml; path = Info.plist; sourceTree = "<group>"; };
		D088BF051D79398C001AF03A /* TestProjektUITests.xctest */ = {isa = PBXFileReference; explicitFileType = wrapper.cfbundle; includeInIndex = 0; path = TestProjektUITests.xctest; sourceTree = BUILT_PRODUCTS_DIR; };
		D088BF091D79398C001AF03A /* TestProjektUITests.m */ = {isa = PBXFileReference; lastKnownFileType = sourcecode.c.objc; path = TestProjektUITests.m; sourceTree = "<group>"; };
		D088BF0B1D79398C001AF03A /* Info.plist */ = {isa = PBXFileReference; lastKnownFileType = text.plist.xml; path = Info.plist; sourceTree = "<group>"; };
		D088BF171D793F7E001AF03A /* NewStoryboard.storyboard */ = {isa = PBXFileReference; fileEncoding = 4; lastKnownFileType = file.storyboard; path = NewStoryboard.storyboard; sourceTree = "<group>"; };
/* End PBXFileReference section */

/* Begin PBXFrameworksBuildPhase section */
		D088BEE11D79398C001AF03A /* Frameworks */ = {
			isa = PBXFrameworksBuildPhase;
			buildActionMask = 2147483647;
			files = (
			);
			runOnlyForDeploymentPostprocessing = 0;
		};
		D088BEF71D79398C001AF03A /* Frameworks */ = {
			isa = PBXFrameworksBuildPhase;
			buildActionMask = 2147483647;
			files = (
			);
			runOnlyForDeploymentPostprocessing = 0;
		};
		D088BF021D79398C001AF03A /* Frameworks */ = {
			isa = PBXFrameworksBuildPhase;
			buildActionMask = 2147483647;
			files = (
			);
			runOnlyForDeploymentPostprocessing = 0;
		};
/* End PBXFrameworksBuildPhase section */

/* Begin PBXGroup section */
		D088BEDB1D79398C001AF03A = {
			isa = PBXGroup;
			children = (
				D088BEE61D79398C001AF03A /* TestProjekt */,
				D088BEFD1D79398C001AF03A /* TestProjektTests */,
				D088BF081D79398C001AF03A /* TestProjektUITests */,
				D088BEE51D79398C001AF03A /* Products */,
			);
			sourceTree = "<group>";
		};
		D088BEE51D79398C001AF03A /* Products */ = {
			isa = PBXGroup;
			children = (
				D088BEE41D79398C001AF03A /* TestProjekt.app */,
				D088BEFA1D79398C001AF03A /* TestProjektTests.xctest */,
				D088BF051D79398C001AF03A /* TestProjektUITests.xctest */,
			);
			name = Products;
			sourceTree = "<group>";
		};
		D088BEE61D79398C001AF03A /* TestProjekt */ = {
			isa = PBXGroup;
			children = (
				D088BF171D793F7E001AF03A /* NewStoryboard.storyboard */,
				D088BEE71D79398C001AF03A /* AppDelegate.h */,
				D088BEE81D79398C001AF03A /* AppDelegate.m */,
				D088BEED1D79398C001AF03A /* ViewController.h */,
				D088BEEE1D79398C001AF03A /* ViewController.m */,
				D088BEF01D79398C001AF03A /* Assets.xcassets */,
				D088BEF21D79398C001AF03A /* Main.storyboard */,
				D088BEF51D79398C001AF03A /* Info.plist */,
				D088BEEA1D79398C001AF03A /* Supporting Files */,
			);
			path = TestProjekt;
			sourceTree = "<group>";
		};
		D088BEEA1D79398C001AF03A /* Supporting Files */ = {
			isa = PBXGroup;
			children = (
				D088BEEB1D79398C001AF03A /* main.m */,
			);
			name = "Supporting Files";
			sourceTree = "<group>";
		};
		D088BEFD1D79398C001AF03A /* TestProjektTests */ = {
			isa = PBXGroup;
			children = (
				D088BEFE1D79398C001AF03A /* TestProjektTests.m */,
				D088BF001D79398C001AF03A /* Info.plist */,
			);
			path = TestProjektTests;
			sourceTree = "<group>";
		};
		D088BF081D79398C001AF03A /* TestProjektUITests */ = {
			isa = PBXGroup;
			children = (
				D088BF091D79398C001AF03A /* TestProjektUITests.m */,
				D088BF0B1D79398C001AF03A /* Info.plist */,
			);
			path = TestProjektUITests;
			sourceTree = "<group>";
		};
/* End PBXGroup section */

/* Begin PBXNativeTarget section */
		D088BEE31D79398C001AF03A /* TestProjekt */ = {
			isa = PBXNativeTarget;
			buildConfigurationList = D088BF0E1D79398C001AF03A /* Build configuration list for PBXNativeTarget "TestProjekt" */;
			buildPhases = (
				D088BEE01D79398C001AF03A /* Sources */,
				D088BEE11D79398C001AF03A /* Frameworks */,
				D088BEE21D79398C001AF03A /* Resources */,
			);
			buildRules = (
			);
			dependencies = (
			);
			name = TestProjekt;
			productName = TestProjekt;
			productReference = D088BEE41D79398C001AF03A /* TestProjekt.app */;
			productType = "com.apple.product-type.application";
		};
		D088BEF91D79398C001AF03A /* TestProjektTests */ = {
			isa = PBXNativeTarget;
			buildConfigurationList = D088BF111D79398C001AF03A /* Build configuration list for PBXNativeTarget "TestProjektTests" */;
			buildPhases = (
				D088BEF61D79398C001AF03A /* Sources */,
				D088BEF71D79398C001AF03A /* Frameworks */,
				D088BEF81D79398C001AF03A /* Resources */,
			);
			buildRules = (
			);
			dependencies = (
				D088BEFC1D79398C001AF03A /* PBXTargetDependency */,
			);
			name = TestProjektTests;
			productName = TestProjektTests;
			productReference = D088BEFA1D79398C001AF03A /* TestProjektTests.xctest */;
			productType = "com.apple.product-type.bundle.unit-test";
		};
		D088BF041D79398C001AF03A /* TestProjektUITests */ = {
			isa = PBXNativeTarget;
			buildConfigurationList = D088BF141D79398C001AF03A /* Build configuration list for PBXNativeTarget "TestProjektUITests" */;
			buildPhases = (
				D088BF011D79398C001AF03A /* Sources */,
				D088BF021D79398C001AF03A /* Frameworks */,
				D088BF031D79398C001AF03A /* Resources */,
			);
			buildRules = (
			);
			dependencies = (
				D088BF071D79398C001AF03A /* PBXTargetDependency */,
			);
			name = TestProjektUITests;
			productName = TestProjektUITests;
			productReference = D088BF051D79398C001AF03A /* TestProjektUITests.xctest */;
			productType = "com.apple.product-type.bundle.ui-testing";
		};
/* End PBXNativeTarget section */

/* Begin PBXProject section */
		D088BEDC1D79398C001AF03A /* Project object */ = {
			isa = PBXProject;
			attributes = {
				LastUpgradeCheck = 0730;
				ORGANIZATIONNAME = "Ketonix AB";
				TargetAttributes = {
					D088BEE31D79398C001AF03A = {
						CreatedOnToolsVersion = 7.3.1;
					};
					D088BEF91D79398C001AF03A = {
						CreatedOnToolsVersion = 7.3.1;
						TestTargetID = D088BEE31D79398C001AF03A;
					};
					D088BF041D79398C001AF03A = {
						CreatedOnToolsVersion = 7.3.1;
						TestTargetID = D088BEE31D79398C001AF03A;
					};
				};
			};
			buildConfigurationList = D088BEDF1D79398C001AF03A /* Build configuration list for PBXProject "TestProjekt" */;
			compatibilityVersion = "Xcode 3.2";
			developmentRegion = English;
			hasScannedForEncodings = 0;
			knownRegions = (
				en,
				Base,
			);
			mainGroup = D088BEDB1D79398C001AF03A;
			productRefGroup = D088BEE51D79398C001AF03A /* Products */;
			projectDirPath = "";
			projectRoot = "";
			targets = (
				D088BEE31D79398C001AF03A /* TestProjekt */,
				D088BEF91D79398C001AF03A /* TestProjektTests */,
				D088BF041D79398C001AF03A /* TestProjektUITests */,
			);
		};
/* End PBXProject section */

/* Begin PBXResourcesBuildPhase section */
		D088BEE21D79398C001AF03A /* Resources */ = {
			isa = PBXResourcesBuildPhase;
			buildActionMask = 2147483647;
			files = (
				D088BEF11D79398C001AF03A /* Assets.xcassets in Resources */,
				D088BF181D793F7E001AF03A /* NewStoryboard.storyboard in Resources */,
				D088BEF41D79398C001AF03A /* Main.storyboard in Resources */,
			);
			runOnlyForDeploymentPostprocessing = 0;
		};
		D088BEF81D79398C001AF03A /* Resources */ = {
			isa = PBXResourcesBuildPhase;
			buildActionMask = 2147483647;
			files = (
			);
			runOnlyForDeploymentPostprocessing = 0;
		};
		D088BF031D79398C001AF03A /* Resources */ = {
			isa = PBXResourcesBuildPhase;
			buildActionMask = 2147483647;
			files = (
			);
			runOnlyForDeploymentPostprocessing = 0;
		};
/* End PBXResourcesBuildPhase section */

/* Begin PBXSourcesBuildPhase section */
		D088BEE01D79398C001AF03A /* Sources */ = {
			isa = PBXSourcesBuildPhase;
			buildActionMask = 2147483647;
			files = (
				D088BEEF1D79398C001AF03A /* ViewController.m in Sources */,
				D088BEEC1D79398C001AF03A /* main.m in Sources */,
				D088BEE91D79398C001AF03A /* AppDelegate.m in Sources */,
			);
			runOnlyForDeploymentPostprocessing = 0;
		};
		D088BEF61D79398C001AF03A /* Sources */ = {
			isa = PBXSourcesBuildPhase;
			buildActionMask = 2147483647;
			files = (
				D088BEFF1D79398C001AF03A /* TestProjektTests.m in Sources */,
			);
			runOnlyForDeploymentPostprocessing = 0;
		};
		D088BF011D79398C001AF03A /* Sources */ = {
			isa = PBXSourcesBuildPhase;
			buildActionMask = 2147483647;
			files = (
				D088BF0A1D79398C001AF03A /* TestProjektUITests.m in Sources */,
			);
			runOnlyForDeploymentPostprocessing = 0;
		};
/* End PBXSourcesBuildPhase section */

/* Begin PBXTargetDependency section */
		D088BEFC1D79398C001AF03A /* PBXTargetDependency */ = {
			isa = PBXTargetDependency;
			target = D088BEE31D79398C001AF03A /* TestProjekt */;
			targetProxy = D088BEFB1D79398C001AF03A /* PBXContainerItemProxy */;
		};
		D088BF071D79398C001AF03A /* PBXTargetDependency */ = {
			isa = PBXTargetDependency;
			target = D088BEE31D79398C001AF03A /* TestProjekt */;
			targetProxy = D088BF061D79398C001AF03A /* PBXContainerItemProxy */;
		};
/* End PBXTargetDependency section */

/* Begin PBXVariantGroup section */
		D088BEF21D79398C001AF03A /* Main.storyboard */ = {
			isa = PBXVariantGroup;
			children = (
				D088BEF31D79398C001AF03A /* Base */,
			);
			name = Main.storyboard;
			sourceTree = "<group>";
		};
/* End PBXVariantGroup section */

/* Begin XCBuildConfiguration section */
		D088BF0C1D79398C001AF03A /* Debug */ = {
			isa = XCBuildConfiguration;
			buildSettings = {
				ALWAYS_SEARCH_USER_PATHS = NO;
				CLANG_ANALYZER_NONNULL = YES;
				CLANG_CXX_LANGUAGE_STANDARD = "gnu++0x";
				CLANG_CXX_LIBRARY = "libc++";
				CLANG_ENABLE_MODULES = YES;
				CLANG_ENABLE_OBJC_ARC = YES;
				CLANG_WARN_BOOL_CONVERSION = YES;
				CLANG_WARN_CONSTANT_CONVERSION = YES;
				CLANG_WARN_DIRECT_OBJC_ISA_USAGE = YES_ERROR;
				CLANG_WARN_EMPTY_BODY = YES;
				CLANG_WARN_ENUM_CONVERSION = YES;
				CLANG_WARN_INT_CONVERSION = YES;
				CLANG_WARN_OBJC_ROOT_CLASS = YES_ERROR;
				CLANG_WARN_UNREACHABLE_CODE = YES;
				CLANG_WARN__DUPLICATE_METHOD_MATCH = YES;
				CODE_SIGN_IDENTITY = "-";
				COPY_PHASE_STRIP = NO;
				DEBUG_INFORMATION_FORMAT = dwarf;
				ENABLE_STRICT_OBJC_MSGSEND = YES;
				ENABLE_TESTABILITY = YES;
				GCC_C_LANGUAGE_STANDARD = gnu99;
				GCC_DYNAMIC_NO_PIC = NO;
				GCC_NO_COMMON_BLOCKS = YES;
				GCC_OPTIMIZATION_LEVEL = 0;
				GCC_PREPROCESSOR_DEFINITIONS = (
					"DEBUG=1",
					"$(inherited)",
				);
				GCC_WARN_64_TO_32_BIT_CONVERSION = YES;
				GCC_WARN_ABOUT_RETURN_TYPE = YES_ERROR;
				GCC_WARN_UNDECLARED_SELECTOR = YES;
				GCC_WARN_UNINITIALIZED_AUTOS = YES_AGGRESSIVE;
				GCC_WARN_UNUSED_FUNCTION = YES;
				GCC_WARN_UNUSED_VARIABLE = YES;
				MACOSX_DEPLOYMENT_TARGET = 10.11;
				MTL_ENABLE_DEBUG_INFO = YES;
				ONLY_ACTIVE_ARCH = YES;
				SDKROOT = macosx;
			};
			name = Debug;
		};
		D088BF0D1D79398C001AF03A /* Release */ = {
			isa = XCBuildConfiguration;
			buildSettings = {
				ALWAYS_SEARCH_USER_PATHS = NO;
				CLANG_ANALYZER_NONNULL = YES;
				CLANG_CXX_LANGUAGE_STANDARD = "gnu++0x";
				CLANG_CXX_LIBRARY = "libc++";
				CLANG_ENABLE_MODULES = YES;
				CLANG_ENABLE_OBJC_ARC = YES;
				CLANG_WARN_BOOL_CONVERSION = YES;
				CLANG_WARN_CONSTANT_CONVERSION = YES;
				CLANG_WARN_DIRECT_OBJC_ISA_USAGE = YES_ERROR;
				CLANG_WARN_EMPTY_BODY = YES;
				CLANG_WARN_ENUM_CONVERSION = YES;
				CLANG_WARN_INT_CONVERSION = YES;
				CLANG_WARN_OBJC_ROOT_CLASS = YES_ERROR;
				CLANG_WARN_UNREACHABLE_CODE = YES;
				CLANG_WARN__DUPLICATE_METHOD_MATCH = YES;
				CODE_SIGN_IDENTITY = "-";
				COPY_PHASE_STRIP = NO;
				DEBUG_INFORMATION_FORMAT = "dwarf-with-dsym";
				ENABLE_NS_ASSERTIONS = NO;
				ENABLE_STRICT_OBJC_MSGSEND = YES;
				GCC_C_LANGUAGE_STANDARD = gnu99;
				GCC_NO_COMMON_BLOCKS = YES;
				GCC_WARN_64_TO_32_BIT_CONVERSION = YES;
				GCC_WARN_ABOUT_RETURN_TYPE = YES_ERROR;
				GCC_WARN_UNDECLARED_SELECTOR = YES;
				GCC_WARN_UNINITIALIZED_AUTOS = YES_AGGRESSIVE;
				GCC_WARN_UNUSED_FUNCTION = YES;
				GCC_WARN_UNUSED_VARIABLE = YES;
				MACOSX_DEPLOYMENT_TARGET = 10.11;
				MTL_ENABLE_DEBUG_INFO = NO;
				SDKROOT = macosx;
			};
			name = Release;
		};
		D088BF0F1D79398C001AF03A /* Debug */ = {
			isa = XCBuildConfiguration;
			buildSettings = {
				ASSETCATALOG_COMPILER_APPICON_NAME = AppIcon;
				COMBINE_HIDPI_IMAGES = YES;
				INFOPLIST_FILE = TestProjekt/Info.plist;
				LD_RUNPATH_SEARCH_PATHS = "$(inherited) @executable_path/../Frameworks";
				PRODUCT_BUNDLE_IDENTIFIER = com.ketonix.TestProjekt;
				PRODUCT_NAME = "$(TARGET_NAME)";
			};
			name = Debug;
		};
		D088BF101D79398C001AF03A /* Release */ = {
			isa = XCBuildConfiguration;
			buildSettings = {
				ASSETCATALOG_COMPILER_APPICON_NAME = AppIcon;
				COMBINE_HIDPI_IMAGES = YES;
				INFOPLIST_FILE = TestProjekt/Info.plist;
				LD_RUNPATH_SEARCH_PATHS = "$(inherited) @executable_path/../Frameworks";
				PRODUCT_BUNDLE_IDENTIFIER = com.ketonix.TestProjekt;
				PRODUCT_NAME = "$(TARGET_NAME)";
			};
			name = Release;
		};
		D088BF121D79398C001AF03A /* Debug */ = {
			isa = XCBuildConfiguration;
			buildSettings = {
				BUNDLE_LOADER = "$(TEST_HOST)";
				COMBINE_HIDPI_IMAGES = YES;
				INFOPLIST_FILE = TestProjektTests/Info.plist;
				LD_RUNPATH_SEARCH_PATHS = "$(inherited) @executable_path/../Frameworks @loader_path/../Frameworks";
				PRODUCT_BUNDLE_IDENTIFIER = com.ketonix.TestProjektTests;
				PRODUCT_NAME = "$(TARGET_NAME)";
				TEST_HOST = "$(BUILT_PRODUCTS_DIR)/TestProjekt.app/Contents/MacOS/TestProjekt";
			};
			name = Debug;
		};
		D088BF131D79398C001AF03A /* Release */ = {
			isa = XCBuildConfiguration;
			buildSettings = {
				BUNDLE_LOADER = "$(TEST_HOST)";
				COMBINE_HIDPI_IMAGES = YES;
				INFOPLIST_FILE = TestProjektTests/Info.plist;
				LD_RUNPATH_SEARCH_PATHS = "$(inherited) @executable_path/../Frameworks @loader_path/../Frameworks";
				PRODUCT_BUNDLE_IDENTIFIER = com.ketonix.TestProjektTests;
				PRODUCT_NAME = "$(TARGET_NAME)";
				TEST_HOST = "$(BUILT_PRODUCTS_DIR)/TestProjekt.app/Contents/MacOS/TestProjekt";
			};
			name = Release;
		};
		D088BF151D79398C001AF03A /* Debug */ = {
			isa = XCBuildConfiguration;
			buildSettings = {
				COMBINE_HIDPI_IMAGES = YES;
				INFOPLIST_FILE = TestProjektUITests/Info.plist;
				LD_RUNPATH_SEARCH_PATHS = "$(inherited) @executable_path/../Frameworks @loader_path/../Frameworks";
				PRODUCT_BUNDLE_IDENTIFIER = com.ketonix.TestProjektUITests;
				PRODUCT_NAME = "$(TARGET_NAME)";
				TEST_TARGET_NAME = TestProjekt;
			};
			name = Debug;
		};
		D088BF161D79398C001AF03A /* Release */ = {
			isa = XCBuildConfiguration;
			buildSettings = {
				COMBINE_HIDPI_IMAGES = YES;
				INFOPLIST_FILE = TestProjektUITests/Info.plist;
				LD_RUNPATH_SEARCH_PATHS = "$(inherited) @executable_path/../Frameworks @loader_path/../Frameworks";
				PRODUCT_BUNDLE_IDENTIFIER = com.ketonix.TestProjektUITests;
				PRODUCT_NAME = "$(TARGET_NAME)";
				TEST_TARGET_NAME = TestProjekt;
			};
			name = Release;
		};
/* End XCBuildConfiguration section */

/* Begin XCConfigurationList section */
		D088BEDF1D79398C001AF03A /* Build configuration list for PBXProject "TestProjekt" */ = {
			isa = XCConfigurationList;
			buildConfigurations = (
				D088BF0C1D79398C001AF03A /* Debug */,
				D088BF0D1D79398C001AF03A /* Release */,
			);
			defaultConfigurationIsVisible = 0;
			defaultConfigurationName = Release;
		};
		D088BF0E1D79398C001AF03A /* Build configuration list for PBXNativeTarget "TestProjekt" */ = {
			isa = XCConfigurationList;
			buildConfigurations = (
				D088BF0F1D79398C001AF03A /* Debug */,
				D088BF101D79398C001AF03A /* Release */,
			);
			defaultConfigurationIsVisible = 0;
		};
		D088BF111D79398C001AF03A /* Build configuration list for PBXNativeTarget "TestProjektTests" */ = {
			isa = XCConfigurationList;
			buildConfigurations = (
				D088BF121D79398C001AF03A /* Debug */,
				D088BF131D79398C001AF03A /* Release */,
			);
			defaultConfigurationIsVisible = 0;
		};
		D088BF141D79398C001AF03A /* Build configuration list for PBXNativeTarget "TestProjektUITests" */ = {
			isa = XCConfigurationList;
			buildConfigurations = (
				D088BF151D79398C001AF03A /* Debug */,
				D088BF161D79398C001AF03A /* Release */,
			);
			defaultConfigurationIsVisible = 0;
		};
/* End XCConfigurationList section */
	};
	rootObject = D088BEDC1D79398C001AF03A /* Project object */;
}
